
Microsoft Visual Studio Solution File, Format Version 9.00
# Visual Studio 2005
Project("{8BC9CEB8-8B4A-11D0-8D11-00A0C91BC942}") = "OliveG", "OliveG\OliveG.vcproj", "{0716D220-35EE-4369-BDFB-692D542FA197}"
	ProjectSection(ProjectDependencies) = postProject
		{D43F03BF-8DA1-452D-8A44-09FC9ACE1307} = {D43F03BF-8DA1-452D-8A44-09FC9ACE1307}
		{B8694EF0-7EC1-4F95-8E73-DCF28562DF5A} = {B8694EF0-7EC1-4F95-8E73-DCF28562DF5A}
	EndProjectSection
EndProject
Project("{8BC9CEB8-8B4A-11D0-8D11-00A0C91BC942}") = "OliveGLib", "..\OliveGLib\OliveGLib.vcproj", "{D43F03BF-8DA1-452D-8A44-09FC9ACE1307}"
EndProject
Project("{8BC9CEB8-8B4A-11D0-8D11-00A0C91BC942}") = "OliveLuaLib", "..\OliveLuaLib\OliveLuaLib.vcproj", "{B8694EF0-7EC1-4F95-8E73-DCF28562DF5A}"
EndProject
Global
	GlobalSection(SolutionConfigurationPlatforms) = preSolution
		Debug|Win32 = Debug|Win32
		Release|Win32 = Release|Win32
	EndGlobalSection
	GlobalSection(ProjectConfigurationPlatforms) = postSolution
		{0716D220-35EE-4369-BDFB-692D542FA197}.Debug|Win32.ActiveCfg = Debug|Win32
		{0716D220-35EE-4369-BDFB-692D542FA197}.Debug|Win32.Build.0 = Debug|Win32
		{0716D220-35EE-4369-BDFB-692D542FA197}.Release|Win32.ActiveCfg = Release|Win32
		{0716D220-35EE-4369-BDFB-692D542FA197}.Release|Win32.Build.0 = Release|Win32
		{D43F03BF-8DA1-452D-8A44-09FC9ACE1307}.Debug|Win32.ActiveCfg = Debug|Win32
		{D43F03BF-8DA1-452D-8A44-09FC9ACE1307}.Debug|Win32.Build.0 = Debug|Win32
		{D43F03BF-8DA1-452D-8A44-09FC9ACE1307}.Release|Win32.ActiveCfg = Release|Win32
		{D43F03BF-8DA1-452D-8A44-09FC9ACE1307}.Release|Win32.Build.0 = Release|Win32
		{B8694EF0-7EC1-4F95-8E73-DCF28562DF5A}.Debug|Win32.ActiveCfg = Debug|Win32
		{B8694EF0-7EC1-4F95-8E73-DCF28562DF5A}.Debug|Win32.Build.0 = Debug|Win32
		{B8694EF0-7EC1-4F95-8E73-DCF28562DF5A}.Release|Win32.ActiveCfg = Release|Win32
		{B8694EF0-7EC1-4F95-8E73-DCF28562DF5A}.Release|Win32.Build.0 = Release|Win32
	EndGlobalSection
	GlobalSection(SolutionProperties) = preSolution
		HideSolutionNode = FALSE
	EndGlobalSection
EndGlobal
